
Microsoft Visual Studio Solution File, Format Version 12.00
# Visual Studio Version 17
VisualStudioVersion = 17.9.34607.119
MinimumVisualStudioVersion = 10.0.40219.1
Project("{FAE04EC0-301F-11D3-BF4B-00C04F79EFBC}") = "PeopleStore.Server", "PeopleStore.Server\PeopleStore.Server.csproj", "{D071C6B3-AD06-427B-AD72-A098A982E889}"
EndProject
Project("{54A90642-561A-4BB1-A94E-469ADEE60C69}") = "peoplestore.client", "peoplestore.client\peoplestore.client.esproj", "{62C3E8E2-7C23-4B20-885F-62177973CD52}"
EndProject
Global
	GlobalSection(SolutionConfigurationPlatforms) = preSolution
		Debug|Any CPU = Debug|Any CPU
		Release|Any CPU = Release|Any CPU
	EndGlobalSection
	GlobalSection(ProjectConfigurationPlatforms) = postSolution
		{D071C6B3-AD06-427B-AD72-A098A982E889}.Debug|Any CPU.ActiveCfg = Debug|Any CPU
		{D071C6B3-AD06-427B-AD72-A098A982E889}.Debug|Any CPU.Build.0 = Debug|Any CPU
		{D071C6B3-AD06-427B-AD72-A098A982E889}.Release|Any CPU.ActiveCfg = Release|Any CPU
		{D071C6B3-AD06-427B-AD72-A098A982E889}.Release|Any CPU.Build.0 = Release|Any CPU
		{62C3E8E2-7C23-4B20-885F-62177973CD52}.Debug|Any CPU.ActiveCfg = Debug|Any CPU
		{62C3E8E2-7C23-4B20-885F-62177973CD52}.Debug|Any CPU.Build.0 = Debug|Any CPU
		{62C3E8E2-7C23-4B20-885F-62177973CD52}.Debug|Any CPU.Deploy.0 = Debug|Any CPU
		{62C3E8E2-7C23-4B20-885F-62177973CD52}.Release|Any CPU.ActiveCfg = Release|Any CPU
		{62C3E8E2-7C23-4B20-885F-62177973CD52}.Release|Any CPU.Build.0 = Release|Any CPU
		{62C3E8E2-7C23-4B20-885F-62177973CD52}.Release|Any CPU.Deploy.0 = Release|Any CPU
	EndGlobalSection
	GlobalSection(SolutionProperties) = preSolution
		HideSolutionNode = FALSE
	EndGlobalSection
	GlobalSection(ExtensibilityGlobals) = postSolution
		SolutionGuid = {609A5B0D-77C4-450A-966E-29D853D9E247}
	EndGlobalSection
EndGlobal
